
Microsoft Visual Studio Solution File, Format Version 12.00
# Visual Studio Version 17
VisualStudioVersion = 17.11.35327.3
MinimumVisualStudioVersion = 10.0.40219.1
Project("{FAE04EC0-301F-11D3-BF4B-00C04F79EFBC}") = "TodoAppv2", "TodoAppv2\TodoAppv2.csproj", "{0C0712DB-9EEC-4E3C-9281-7B00D723076F}"
EndProject
Global
	GlobalSection(SolutionConfigurationPlatforms) = preSolution
		Debug|Any CPU = Debug|Any CPU
		Release|Any CPU = Release|Any CPU
	EndGlobalSection
	GlobalSection(ProjectConfigurationPlatforms) = postSolution
		{0C0712DB-9EEC-4E3C-9281-7B00D723076F}.Debug|Any CPU.ActiveCfg = Debug|Any CPU
		{0C0712DB-9EEC-4E3C-9281-7B00D723076F}.Debug|Any CPU.Build.0 = Debug|Any CPU
		{0C0712DB-9EEC-4E3C-9281-7B00D723076F}.Release|Any CPU.ActiveCfg = Release|Any CPU
		{0C0712DB-9EEC-4E3C-9281-7B00D723076F}.Release|Any CPU.Build.0 = Release|Any CPU
	EndGlobalSection
	GlobalSection(SolutionProperties) = preSolution
		HideSolutionNode = FALSE
	EndGlobalSection
	GlobalSection(ExtensibilityGlobals) = postSolution
		SolutionGuid = {FE75B753-51B8-414D-ACB4-289308D65DFB}
	EndGlobalSection
EndGlobal
